
Microsoft Visual Studio Solution File, Format Version 12.00
# Visual Studio Version 17
VisualStudioVersion = 17.4.33110.190
MinimumVisualStudioVersion = 10.0.40219.1
Project("{FAE04EC0-301F-11D3-BF4B-00C04F79EFBC}") = "euler's collatz conjecture", "euler's collatz conjecture.csproj", "{B46F0503-22C3-407C-A306-5A646F38F3EB}"
EndProject
Global
	GlobalSection(SolutionConfigurationPlatforms) = preSolution
		Debug|Any CPU = Debug|Any CPU
		Release|Any CPU = Release|Any CPU
	EndGlobalSection
	GlobalSection(ProjectConfigurationPlatforms) = postSolution
		{B46F0503-22C3-407C-A306-5A646F38F3EB}.Debug|Any CPU.ActiveCfg = Debug|Any CPU
		{B46F0503-22C3-407C-A306-5A646F38F3EB}.Debug|Any CPU.Build.0 = Debug|Any CPU
		{B46F0503-22C3-407C-A306-5A646F38F3EB}.Release|Any CPU.ActiveCfg = Release|Any CPU
		{B46F0503-22C3-407C-A306-5A646F38F3EB}.Release|Any CPU.Build.0 = Release|Any CPU
	EndGlobalSection
	GlobalSection(SolutionProperties) = preSolution
		HideSolutionNode = FALSE
	EndGlobalSection
	GlobalSection(ExtensibilityGlobals) = postSolution
		SolutionGuid = {6A3F6AFD-0019-4E94-8D5B-96CB2EBB1832}
	EndGlobalSection
EndGlobal
